// !$*UTF8*$!
{
	archiveVersion = 1;
	classes = {
	};
	objectVersion = 46;
	objects = {

/* Begin PBXContainerItemProxy section */
		E9323E301C6252A40074B0AC /* PBXContainerItemProxy */ = {
			isa = PBXContainerItemProxy;
			containerPortal = E9323E131C6252A30074B0AC /* Project object */;
			proxyType = 1;
			remoteGlobalIDString = E9323E1A1C6252A30074B0AC;
			remoteInfo = JuegoDeMemoria;
		};
		E9323E3B1C6252A40074B0AC /* PBXContainerItemProxy */ = {
			isa = PBXContainerItemProxy;
			containerPortal = E9323E131C6252A30074B0AC /* Project object */;
			proxyType = 1;
			remoteGlobalIDString = E9323E1A1C6252A30074B0AC;
			remoteInfo = JuegoDeMemoria;
		};
/* End PBXContainerItemProxy section */

/* Begin PBXFileReference section */
		E9323E1B1C6252A30074B0AC /* JuegoDeMemoria.app */ = {isa = PBXFileReference; explicitFileType = wrapper.application; includeInIndex = 0; name = JuegoDeMemoria.app; path = "/Users/vicente/Desktop/Programs/JuegoDeMemoria/build/Debug-iphoneos/JuegoDeMemoria.app"; sourceTree = "<absolute>"; };
		E9323E2F1C6252A40074B0AC /* JuegoDeMemoriaTests.xctest */ = {isa = PBXFileReference; explicitFileType = wrapper.cfbundle; includeInIndex = 0; name = JuegoDeMemoriaTests.xctest; path = "/Users/vicente/Desktop/Programs/JuegoDeMemoria/build/Debug-iphoneos/JuegoDeMemoriaTests.xctest"; sourceTree = "<absolute>"; };
		E9323E3A1C6252A40074B0AC /* JuegoDeMemoriaUITests.xctest */ = {isa = PBXFileReference; explicitFileType = wrapper.cfbundle; includeInIndex = 0; name = JuegoDeMemoriaUITests.xctest; path = "/Users/vicente/Desktop/Programs/JuegoDeMemoria/build/Debug-iphoneos/JuegoDeMemoriaUITests.xctest"; sourceTree = "<absolute>"; };
/* End PBXFileReference section */

/* Begin PBXFrameworksBuildPhase section */
		E9323E181C6252A30074B0AC /* Frameworks */ = {
			isa = PBXFrameworksBuildPhase;
			buildActionMask = 2147483647;
			files = (
			);
			runOnlyForDeploymentPostprocessing = 0;
		};
		E9323E2C1C6252A40074B0AC /* Frameworks */ = {
			isa = PBXFrameworksBuildPhase;
			buildActionMask = 2147483647;
			files = (
			);
			runOnlyForDeploymentPostprocessing = 0;
		};
		E9323E371C6252A40074B0AC /* Frameworks */ = {
			isa = PBXFrameworksBuildPhase;
			buildActionMask = 2147483647;
			files = (
			);
			runOnlyForDeploymentPostprocessing = 0;
		};
/* End PBXFrameworksBuildPhase section */

/* Begin PBXGroup section */
		E9323E121C6252A30074B0AC = {
			isa = PBXGroup;
			children = (
			);
			sourceTree = "<group>";
		};
/* End PBXGroup section */

/* Begin PBXNativeTarget section */
		E9323E1A1C6252A30074B0AC /* JuegoDeMemoria */ = {
			isa = PBXNativeTarget;
			buildConfigurationList = E9323E431C6252A40074B0AC /* Build configuration list for PBXNativeTarget "JuegoDeMemoria" */;
			buildPhases = (
				E9323E171C6252A30074B0AC /* Sources */,
				E9323E181C6252A30074B0AC /* Frameworks */,
				E9323E191C6252A30074B0AC /* Resources */,
			);
			buildRules = (
			);
			dependencies = (
			);
			name = JuegoDeMemoria;
			productName = JuegoDeMemoria;
			productReference = E9323E1B1C6252A30074B0AC /* JuegoDeMemoria.app */;
			productType = "com.apple.product-type.application";
		};
		E9323E2E1C6252A40074B0AC /* JuegoDeMemoriaTests */ = {
			isa = PBXNativeTarget;
			buildConfigurationList = E9323E461C6252A40074B0AC /* Build configuration list for PBXNativeTarget "JuegoDeMemoriaTests" */;
			buildPhases = (
				E9323E2B1C6252A40074B0AC /* Sources */,
				E9323E2C1C6252A40074B0AC /* Frameworks */,
				E9323E2D1C6252A40074B0AC /* Resources */,
			);
			buildRules = (
			);
			dependencies = (
				E9323E311C6252A40074B0AC /* PBXTargetDependency */,
			);
			name = JuegoDeMemoriaTests;
			productName = JuegoDeMemoriaTests;
			productReference = E9323E2F1C6252A40074B0AC /* JuegoDeMemoriaTests.xctest */;
			productType = "com.apple.product-type.bundle.unit-test";
		};
		E9323E391C6252A40074B0AC /* JuegoDeMemoriaUITests */ = {
			isa = PBXNativeTarget;
			buildConfigurationList = E9323E491C6252A40074B0AC /* Build configuration list for PBXNativeTarget "JuegoDeMemoriaUITests" */;
			buildPhases = (
				E9323E361C6252A40074B0AC /* Sources */,
				E9323E371C6252A40074B0AC /* Frameworks */,
				E9323E381C6252A40074B0AC /* Resources */,
			);
			buildRules = (
			);
			dependencies = (
				E9323E3C1C6252A40074B0AC /* PBXTargetDependency */,
			);
			name = JuegoDeMemoriaUITests;
			productName = JuegoDeMemoriaUITests;
			productReference = E9323E3A1C6252A40074B0AC /* JuegoDeMemoriaUITests.xctest */;
			productType = "com.apple.product-type.bundle.ui-testing";
		};
/* End PBXNativeTarget section */

/* Begin PBXProject section */
		E9323E131C6252A30074B0AC /* Project object */ = {
			isa = PBXProject;
			attributes = {
				LastSwiftUpdateCheck = 0720;
				LastUpgradeCheck = 0720;
				ORGANIZATIONNAME = VNoguez;
				TargetAttributes = {
					E9323E1A1C6252A30074B0AC = {
						CreatedOnToolsVersion = 7.2.1;
					};
					E9323E2E1C6252A40074B0AC = {
						CreatedOnToolsVersion = 7.2.1;
						TestTargetID = E9323E1A1C6252A30074B0AC;
					};
					E9323E391C6252A40074B0AC = {
						CreatedOnToolsVersion = 7.2.1;
						TestTargetID = E9323E1A1C6252A30074B0AC;
					};
				};
			};
			buildConfigurationList = E9323E161C6252A30074B0AC /* Build configuration list for PBXProject "JuegoDeMemoria" */;
			compatibilityVersion = "Xcode 3.2";
			developmentRegion = English;
			hasScannedForEncodings = 0;
			knownRegions = (
				en,
				Base,
			);
			mainGroup = E9323E121C6252A30074B0AC;
			productRefGroup = E9323E121C6252A30074B0AC;
			projectDirPath = "";
			projectRoot = "";
			targets = (
				E9323E1A1C6252A30074B0AC /* JuegoDeMemoria */,
				E9323E2E1C6252A40074B0AC /* JuegoDeMemoriaTests */,
				E9323E391C6252A40074B0AC /* JuegoDeMemoriaUITests */,
			);
		};
/* End PBXProject section */

/* Begin PBXResourcesBuildPhase section */
		E9323E191C6252A30074B0AC /* Resources */ = {
			isa = PBXResourcesBuildPhase;
			buildActionMask = 2147483647;
			files = (
			);
			runOnlyForDeploymentPostprocessing = 0;
		};
		E9323E2D1C6252A40074B0AC /* Resources */ = {
			isa = PBXResourcesBuildPhase;
			buildActionMask = 2147483647;
			files = (
			);
			runOnlyForDeploymentPostprocessing = 0;
		};
		E9323E381C6252A40074B0AC /* Resources */ = {
			isa = PBXResourcesBuildPhase;
			buildActionMask = 2147483647;
			files = (
			);
			runOnlyForDeploymentPostprocessing = 0;
		};
/* End PBXResourcesBuildPhase section */

/* Begin PBXSourcesBuildPhase section */
		E9323E171C6252A30074B0AC /* Sources */ = {
			isa = PBXSourcesBuildPhase;
			buildActionMask = 2147483647;
			files = (
			);
			runOnlyForDeploymentPostprocessing = 0;
		};
		E9323E2B1C6252A40074B0AC /* Sources */ = {
			isa = PBXSourcesBuildPhase;
			buildActionMask = 2147483647;
			files = (
			);
			runOnlyForDeploymentPostprocessing = 0;
		};
		E9323E361C6252A40074B0AC /* Sources */ = {
			isa = PBXSourcesBuildPhase;
			buildActionMask = 2147483647;
			files = (
			);
			runOnlyForDeploymentPostprocessing = 0;
		};
/* End PBXSourcesBuildPhase section */

/* Begin PBXTargetDependency section */
		E9323E311C6252A40074B0AC /* PBXTargetDependency */ = {
			isa = PBXTargetDependency;
			target = E9323E1A1C6252A30074B0AC /* JuegoDeMemoria */;
			targetProxy = E9323E301C6252A40074B0AC /* PBXContainerItemProxy */;
		};
		E9323E3C1C6252A40074B0AC /* PBXTargetDependency */ = {
			isa = PBXTargetDependency;
			target = E9323E1A1C6252A30074B0AC /* JuegoDeMemoria */;
			targetProxy = E9323E3B1C6252A40074B0AC /* PBXContainerItemProxy */;
		};
/* End PBXTargetDependency section */

/* Begin XCBuildConfiguration section */
		E9323E411C6252A40074B0AC /* Debug */ = {
			isa = XCBuildConfiguration;
			buildSettings = {
				ALWAYS_SEARCH_USER_PATHS = NO;
				CLANG_CXX_LANGUAGE_STANDARD = "gnu++0x";
				CLANG_CXX_LIBRARY = "libc++";
				CLANG_ENABLE_MODULES = YES;
				CLANG_ENABLE_OBJC_ARC = YES;
				CLANG_WARN_BOOL_CONVERSION = YES;
				CLANG_WARN_CONSTANT_CONVERSION = YES;
				CLANG_WARN_DIRECT_OBJC_ISA_USAGE = YES_ERROR;
				CLANG_WARN_EMPTY_BODY = YES;
				CLANG_WARN_ENUM_CONVERSION = YES;
				CLANG_WARN_INT_CONVERSION = YES;
				CLANG_WARN_OBJC_ROOT_CLASS = YES_ERROR;
				CLANG_WARN_UNREACHABLE_CODE = YES;
				CLANG_WARN__DUPLICATE_METHOD_MATCH = YES;
				"CODE_SIGN_IDENTITY[sdk=iphoneos*]" = "iPhone Developer";
				COPY_PHASE_STRIP = NO;
				DEBUG_INFORMATION_FORMAT = dwarf;
				ENABLE_STRICT_OBJC_MSGSEND = YES;
				ENABLE_TESTABILITY = YES;
				GCC_C_LANGUAGE_STANDARD = gnu99;
				GCC_DYNAMIC_NO_PIC = NO;
				GCC_NO_COMMON_BLOCKS = YES;
				GCC_OPTIMIZATION_LEVEL = 0;
				GCC_PREPROCESSOR_DEFINITIONS = (
					"DEBUG=1",
					"$(inherited)",
				);
				GCC_WARN_64_TO_32_BIT_CONVERSION = YES;
				GCC_WARN_ABOUT_RETURN_TYPE = YES_ERROR;
				GCC_WARN_UNDECLARED_SELECTOR = YES;
				GCC_WARN_UNINITIALIZED_AUTOS = YES_AGGRESSIVE;
				GCC_WARN_UNUSED_FUNCTION = YES;
				GCC_WARN_UNUSED_VARIABLE = YES;
				IPHONEOS_DEPLOYMENT_TARGET = 9.2;
				MTL_ENABLE_DEBUG_INFO = YES;
				ONLY_ACTIVE_ARCH = YES;
				SDKROOT = iphoneos;
				SWIFT_OPTIMIZATION_LEVEL = "-Onone";
				TARGETED_DEVICE_FAMILY = "1,2";
			};
			name = Debug;
		};
		E9323E421C6252A40074B0AC /* Release */ = {
			isa = XCBuildConfiguration;
			buildSettings = {
				ALWAYS_SEARCH_USER_PATHS = NO;
				CLANG_CXX_LANGUAGE_STANDARD = "gnu++0x";
				CLANG_CXX_LIBRARY = "libc++";
				CLANG_ENABLE_MODULES = YES;
				CLANG_ENABLE_OBJC_ARC = YES;
				CLANG_WARN_BOOL_CONVERSION = YES;
				CLANG_WARN_CONSTANT_CONVERSION = YES;
				CLANG_WARN_DIRECT_OBJC_ISA_USAGE = YES_ERROR;
				CLANG_WARN_EMPTY_BODY = YES;
				CLANG_WARN_ENUM_CONVERSION = YES;
				CLANG_WARN_INT_CONVERSION = YES;
				CLANG_WARN_OBJC_ROOT_CLASS = YES_ERROR;
				CLANG_WARN_UNREACHABLE_CODE = YES;
				CLANG_WARN__DUPLICATE_METHOD_MATCH = YES;
				"CODE_SIGN_IDENTITY[sdk=iphoneos*]" = "iPhone Developer";
				COPY_PHASE_STRIP = NO;
				DEBUG_INFORMATION_FORMAT = "dwarf-with-dsym";
				ENABLE_NS_ASSERTIONS = NO;
				ENABLE_STRICT_OBJC_MSGSEND = YES;
				GCC_C_LANGUAGE_STANDARD = gnu99;
				GCC_NO_COMMON_BLOCKS = YES;
				GCC_WARN_64_TO_32_BIT_CONVERSION = YES;
				GCC_WARN_ABOUT_RETURN_TYPE = YES_ERROR;
				GCC_WARN_UNDECLARED_SELECTOR = YES;
				GCC_WARN_UNINITIALIZED_AUTOS = YES_AGGRESSIVE;
				GCC_WARN_UNUSED_FUNCTION = YES;
				GCC_WARN_UNUSED_VARIABLE = YES;
				IPHONEOS_DEPLOYMENT_TARGET = 9.2;
				MTL_ENABLE_DEBUG_INFO = NO;
				SDKROOT = iphoneos;
				TARGETED_DEVICE_FAMILY = "1,2";
				VALIDATE_PRODUCT = YES;
			};
			name = Release;
		};
		E9323E441C6252A40074B0AC /* Debug */ = {
			isa = XCBuildConfiguration;
			buildSettings = {
				ASSETCATALOG_COMPILER_APPICON_NAME = AppIcon;
				INFOPLIST_FILE = JuegoDeMemoria/Info.plist;
				LD_RUNPATH_SEARCH_PATHS = "$(inherited) @executable_path/Frameworks";
				PRODUCT_BUNDLE_IDENTIFIER = mx.VNoguez.JuegoDeMemoria;
				PRODUCT_NAME = "$(TARGET_NAME)";
			};
			name = Debug;
		};
		E9323E451C6252A40074B0AC /* Release */ = {
			isa = XCBuildConfiguration;
			buildSettings = {
				ASSETCATALOG_COMPILER_APPICON_NAME = AppIcon;
				INFOPLIST_FILE = JuegoDeMemoria/Info.plist;
				LD_RUNPATH_SEARCH_PATHS = "$(inherited) @executable_path/Frameworks";
				PRODUCT_BUNDLE_IDENTIFIER = mx.VNoguez.JuegoDeMemoria;
				PRODUCT_NAME = "$(TARGET_NAME)";
			};
			name = Release;
		};
		E9323E471C6252A40074B0AC /* Debug */ = {
			isa = XCBuildConfiguration;
			buildSettings = {
				BUNDLE_LOADER = "$(TEST_HOST)";
				INFOPLIST_FILE = JuegoDeMemoriaTests/Info.plist;
				LD_RUNPATH_SEARCH_PATHS = "$(inherited) @executable_path/Frameworks @loader_path/Frameworks";
				PRODUCT_BUNDLE_IDENTIFIER = mx.VNoguez.JuegoDeMemoriaTests;
				PRODUCT_NAME = "$(TARGET_NAME)";
				TEST_HOST = "$(BUILT_PRODUCTS_DIR)/JuegoDeMemoria.app/JuegoDeMemoria";
			};
			name = Debug;
		};
		E9323E481C6252A40074B0AC /* Release */ = {
			isa = XCBuildConfiguration;
			buildSettings = {
				BUNDLE_LOADER = "$(TEST_HOST)";
				INFOPLIST_FILE = JuegoDeMemoriaTests/Info.plist;
				LD_RUNPATH_SEARCH_PATHS = "$(inherited) @executable_path/Frameworks @loader_path/Frameworks";
				PRODUCT_BUNDLE_IDENTIFIER = mx.VNoguez.JuegoDeMemoriaTests;
				PRODUCT_NAME = "$(TARGET_NAME)";
				TEST_HOST = "$(BUILT_PRODUCTS_DIR)/JuegoDeMemoria.app/JuegoDeMemoria";
			};
			name = Release;
		};
		E9323E4A1C6252A40074B0AC /* Debug */ = {
			isa = XCBuildConfiguration;
			buildSettings = {
				INFOPLIST_FILE = JuegoDeMemoriaUITests/Info.plist;
				LD_RUNPATH_SEARCH_PATHS = "$(inherited) @executable_path/Frameworks @loader_path/Frameworks";
				PRODUCT_BUNDLE_IDENTIFIER = mx.VNoguez.JuegoDeMemoriaUITests;
				PRODUCT_NAME = "$(TARGET_NAME)";
				TEST_TARGET_NAME = JuegoDeMemoria;
				USES_XCTRUNNER = YES;
			};
			name = Debug;
		};
		E9323E4B1C6252A40074B0AC /* Release */ = {
			isa = XCBuildConfiguration;
			buildSettings = {
				INFOPLIST_FILE = JuegoDeMemoriaUITests/Info.plist;
				LD_RUNPATH_SEARCH_PATHS = "$(inherited) @executable_path/Frameworks @loader_path/Frameworks";
				PRODUCT_BUNDLE_IDENTIFIER = mx.VNoguez.JuegoDeMemoriaUITests;
				PRODUCT_NAME = "$(TARGET_NAME)";
				TEST_TARGET_NAME = JuegoDeMemoria;
				USES_XCTRUNNER = YES;
			};
			name = Release;
		};
/* End XCBuildConfiguration section */

/* Begin XCConfigurationList section */
		E9323E161C6252A30074B0AC /* Build configuration list for PBXProject "JuegoDeMemoria" */ = {
			isa = XCConfigurationList;
			buildConfigurations = (
				E9323E411C6252A40074B0AC /* Debug */,
				E9323E421C6252A40074B0AC /* Release */,
			);
			defaultConfigurationIsVisible = 0;
			defaultConfigurationName = Release;
		};
		E9323E431C6252A40074B0AC /* Build configuration list for PBXNativeTarget "JuegoDeMemoria" */ = {
			isa = XCConfigurationList;
			buildConfigurations = (
				E9323E441C6252A40074B0AC /* Debug */,
				E9323E451C6252A40074B0AC /* Release */,
			);
			defaultConfigurationIsVisible = 0;
			defaultConfigurationName = Release;
		};
		E9323E461C6252A40074B0AC /* Build configuration list for PBXNativeTarget "JuegoDeMemoriaTests" */ = {
			isa = XCConfigurationList;
			buildConfigurations = (
				E9323E471C6252A40074B0AC /* Debug */,
				E9323E481C6252A40074B0AC /* Release */,
			);
			defaultConfigurationIsVisible = 0;
			defaultConfigurationName = Release;
		};
		E9323E491C6252A40074B0AC /* Build configuration list for PBXNativeTarget "JuegoDeMemoriaUITests" */ = {
			isa = XCConfigurationList;
			buildConfigurations = (
				E9323E4A1C6252A40074B0AC /* Debug */,
				E9323E4B1C6252A40074B0AC /* Release */,
			);
			defaultConfigurationIsVisible = 0;
			defaultConfigurationName = Release;
		};
/* End XCConfigurationList section */
	};
	rootObject = E9323E131C6252A30074B0AC /* Project object */;
}
